
Microsoft Visual Studio Solution File, Format Version 12.00
# Visual Studio Version 16
VisualStudioVersion = 16.0.30503.244
MinimumVisualStudioVersion = 10.0.40219.1
Project("{9A19103F-16F7-4668-BE54-9A1E7A4F7556}") = "ItsUmbria2020.ConsoleApp.IdentityCard", "ItsUmbria2020.ConsoleApp.IdentityCard\ItsUmbria2020.ConsoleApp.IdentityCard.csproj", "{7B8C5887-D5CB-4BAC-B8EC-BB8399DCB7DB}"
EndProject
Project("{2150E333-8FDC-42A3-9474-1A3956D46DE8}") = "Solution Items", "Solution Items", "{F365BA4F-5866-4A36-88A9-25B6C48920CF}"
EndProject
Project("{9A19103F-16F7-4668-BE54-9A1E7A4F7556}") = "ITSUmbria2020.CardGame", "ITSUmbria2020.CardGame\ITSUmbria2020.CardGame.csproj", "{BDF13C44-28A4-4389-ABF0-98787E4EFA9B}"
EndProject
Project("{9A19103F-16F7-4668-BE54-9A1E7A4F7556}") = "ItsUmbria2020.Geometry", "ItsUmbria2020.Geometry\ItsUmbria2020.Geometry.csproj", "{66312C51-69CF-42CF-A4D2-855FB3247717}"
EndProject
Project("{9A19103F-16F7-4668-BE54-9A1E7A4F7556}") = "ITSUmbria2020.Singleton", "ITSUmbria2020.Singleton\ITSUmbria2020.Singleton.csproj", "{F92EE4B5-96D8-443D-B016-05B685706E1E}"
EndProject
Project("{9A19103F-16F7-4668-BE54-9A1E7A4F7556}") = "ITSUmbria.WebPage", "ITSUmbria.WebPage\ITSUmbria.WebPage.csproj", "{2B3E0814-827F-4760-8BE9-58A1D1BE6E18}"
EndProject
Project("{9A19103F-16F7-4668-BE54-9A1E7A4F7556}") = "ITSUmbria2020.MultiWebPage", "ITSUmbria2020.MultiWebPage\ITSUmbria2020.MultiWebPage.csproj", "{ED7F1D3A-9BAE-41BF-88E5-AD7832B03266}"
EndProject
Project("{9A19103F-16F7-4668-BE54-9A1E7A4F7556}") = "ITSumbria2020.Garbaging", "ITSumbria2020.Garbaging\ITSumbria2020.Garbaging.csproj", "{CAE3541C-92D0-480A-AE8A-4C46A558532B}"
EndProject
Project("{9A19103F-16F7-4668-BE54-9A1E7A4F7556}") = "ITSUmbria2020.CarFactory", "ITSUmbria2020.CarFactory\ITSUmbria2020.CarFactory.csproj", "{3D6F8C99-AB22-4A45-B24E-B4B143162E13}"
EndProject
Project("{9A19103F-16F7-4668-BE54-9A1E7A4F7556}") = "ITSUmbria2020.Noe", "ITSUmbria2020.Noe\ITSUmbria2020.Noe.csproj", "{D614EE95-96A9-4DCC-A7B6-47A439B9CF36}"
EndProject
Project("{2150E333-8FDC-42A3-9474-1A3956D46DE8}") = "Teoria", "Teoria", "{50E979C9-4E51-4C0D-8C0C-26328DDA4557}"
EndProject
Project("{2150E333-8FDC-42A3-9474-1A3956D46DE8}") = "ITSUmbria2020.Game", "ITSUmbria2020.Game", "{51461B52-DBF7-4B97-8371-272538AC6646}"
EndProject
Project("{FAE04EC0-301F-11D3-BF4B-00C04F79EFBC}") = "ITSUmbria2020.OnlineGame.Library", "ITSUmbria2020.OnlineGame.Library\ITSUmbria2020.OnlineGame.Library.csproj", "{AAF0FBAA-3868-41F7-A221-DA01DCCB75A9}"
EndProject
Global
	GlobalSection(SolutionConfigurationPlatforms) = preSolution
		Debug|Any CPU = Debug|Any CPU
		Release|Any CPU = Release|Any CPU
	EndGlobalSection
	GlobalSection(ProjectConfigurationPlatforms) = postSolution
		{7B8C5887-D5CB-4BAC-B8EC-BB8399DCB7DB}.Debug|Any CPU.ActiveCfg = Debug|Any CPU
		{7B8C5887-D5CB-4BAC-B8EC-BB8399DCB7DB}.Debug|Any CPU.Build.0 = Debug|Any CPU
		{7B8C5887-D5CB-4BAC-B8EC-BB8399DCB7DB}.Release|Any CPU.ActiveCfg = Release|Any CPU
		{7B8C5887-D5CB-4BAC-B8EC-BB8399DCB7DB}.Release|Any CPU.Build.0 = Release|Any CPU
		{BDF13C44-28A4-4389-ABF0-98787E4EFA9B}.Debug|Any CPU.ActiveCfg = Debug|Any CPU
		{BDF13C44-28A4-4389-ABF0-98787E4EFA9B}.Debug|Any CPU.Build.0 = Debug|Any CPU
		{BDF13C44-28A4-4389-ABF0-98787E4EFA9B}.Release|Any CPU.ActiveCfg = Release|Any CPU
		{BDF13C44-28A4-4389-ABF0-98787E4EFA9B}.Release|Any CPU.Build.0 = Release|Any CPU
		{66312C51-69CF-42CF-A4D2-855FB3247717}.Debug|Any CPU.ActiveCfg = Debug|Any CPU
		{66312C51-69CF-42CF-A4D2-855FB3247717}.Debug|Any CPU.Build.0 = Debug|Any CPU
		{66312C51-69CF-42CF-A4D2-855FB3247717}.Release|Any CPU.ActiveCfg = Release|Any CPU
		{66312C51-69CF-42CF-A4D2-855FB3247717}.Release|Any CPU.Build.0 = Release|Any CPU
		{F92EE4B5-96D8-443D-B016-05B685706E1E}.Debug|Any CPU.ActiveCfg = Debug|Any CPU
		{F92EE4B5-96D8-443D-B016-05B685706E1E}.Debug|Any CPU.Build.0 = Debug|Any CPU
		{F92EE4B5-96D8-443D-B016-05B685706E1E}.Release|Any CPU.ActiveCfg = Release|Any CPU
		{F92EE4B5-96D8-443D-B016-05B685706E1E}.Release|Any CPU.Build.0 = Release|Any CPU
		{2B3E0814-827F-4760-8BE9-58A1D1BE6E18}.Debug|Any CPU.ActiveCfg = Debug|Any CPU
		{2B3E0814-827F-4760-8BE9-58A1D1BE6E18}.Debug|Any CPU.Build.0 = Debug|Any CPU
		{2B3E0814-827F-4760-8BE9-58A1D1BE6E18}.Release|Any CPU.ActiveCfg = Release|Any CPU
		{2B3E0814-827F-4760-8BE9-58A1D1BE6E18}.Release|Any CPU.Build.0 = Release|Any CPU
		{ED7F1D3A-9BAE-41BF-88E5-AD7832B03266}.Debug|Any CPU.ActiveCfg = Debug|Any CPU
		{ED7F1D3A-9BAE-41BF-88E5-AD7832B03266}.Debug|Any CPU.Build.0 = Debug|Any CPU
		{ED7F1D3A-9BAE-41BF-88E5-AD7832B03266}.Release|Any CPU.ActiveCfg = Release|Any CPU
		{ED7F1D3A-9BAE-41BF-88E5-AD7832B03266}.Release|Any CPU.Build.0 = Release|Any CPU
		{CAE3541C-92D0-480A-AE8A-4C46A558532B}.Debug|Any CPU.ActiveCfg = Debug|Any CPU
		{CAE3541C-92D0-480A-AE8A-4C46A558532B}.Debug|Any CPU.Build.0 = Debug|Any CPU
		{CAE3541C-92D0-480A-AE8A-4C46A558532B}.Release|Any CPU.ActiveCfg = Release|Any CPU
		{CAE3541C-92D0-480A-AE8A-4C46A558532B}.Release|Any CPU.Build.0 = Release|Any CPU
		{3D6F8C99-AB22-4A45-B24E-B4B143162E13}.Debug|Any CPU.ActiveCfg = Debug|Any CPU
		{3D6F8C99-AB22-4A45-B24E-B4B143162E13}.Debug|Any CPU.Build.0 = Debug|Any CPU
		{3D6F8C99-AB22-4A45-B24E-B4B143162E13}.Release|Any CPU.ActiveCfg = Release|Any CPU
		{3D6F8C99-AB22-4A45-B24E-B4B143162E13}.Release|Any CPU.Build.0 = Release|Any CPU
		{D614EE95-96A9-4DCC-A7B6-47A439B9CF36}.Debug|Any CPU.ActiveCfg = Debug|Any CPU
		{D614EE95-96A9-4DCC-A7B6-47A439B9CF36}.Debug|Any CPU.Build.0 = Debug|Any CPU
		{D614EE95-96A9-4DCC-A7B6-47A439B9CF36}.Release|Any CPU.ActiveCfg = Release|Any CPU
		{D614EE95-96A9-4DCC-A7B6-47A439B9CF36}.Release|Any CPU.Build.0 = Release|Any CPU
		{AAF0FBAA-3868-41F7-A221-DA01DCCB75A9}.Debug|Any CPU.ActiveCfg = Debug|Any CPU
		{AAF0FBAA-3868-41F7-A221-DA01DCCB75A9}.Debug|Any CPU.Build.0 = Debug|Any CPU
		{AAF0FBAA-3868-41F7-A221-DA01DCCB75A9}.Release|Any CPU.ActiveCfg = Release|Any CPU
		{AAF0FBAA-3868-41F7-A221-DA01DCCB75A9}.Release|Any CPU.Build.0 = Release|Any CPU
	EndGlobalSection
	GlobalSection(SolutionProperties) = preSolution
		HideSolutionNode = FALSE
	EndGlobalSection
	GlobalSection(NestedProjects) = preSolution
		{7B8C5887-D5CB-4BAC-B8EC-BB8399DCB7DB} = {50E979C9-4E51-4C0D-8C0C-26328DDA4557}
		{BDF13C44-28A4-4389-ABF0-98787E4EFA9B} = {50E979C9-4E51-4C0D-8C0C-26328DDA4557}
		{66312C51-69CF-42CF-A4D2-855FB3247717} = {50E979C9-4E51-4C0D-8C0C-26328DDA4557}
		{F92EE4B5-96D8-443D-B016-05B685706E1E} = {50E979C9-4E51-4C0D-8C0C-26328DDA4557}
		{2B3E0814-827F-4760-8BE9-58A1D1BE6E18} = {50E979C9-4E51-4C0D-8C0C-26328DDA4557}
		{ED7F1D3A-9BAE-41BF-88E5-AD7832B03266} = {50E979C9-4E51-4C0D-8C0C-26328DDA4557}
		{CAE3541C-92D0-480A-AE8A-4C46A558532B} = {50E979C9-4E51-4C0D-8C0C-26328DDA4557}
		{3D6F8C99-AB22-4A45-B24E-B4B143162E13} = {50E979C9-4E51-4C0D-8C0C-26328DDA4557}
		{D614EE95-96A9-4DCC-A7B6-47A439B9CF36} = {50E979C9-4E51-4C0D-8C0C-26328DDA4557}
		{AAF0FBAA-3868-41F7-A221-DA01DCCB75A9} = {51461B52-DBF7-4B97-8371-272538AC6646}
	EndGlobalSection
	GlobalSection(ExtensibilityGlobals) = postSolution
		SolutionGuid = {2BDD19EF-9E79-4E3C-87A7-916EA74C5BEF}
	EndGlobalSection
EndGlobal
